
Microsoft Visual Studio Solution File, Format Version 12.00
# Visual Studio 14
VisualStudioVersion = 14.0.25420.1
MinimumVisualStudioVersion = 10.0.40219.1
Project("{FAE04EC0-301F-11D3-BF4B-00C04F79EFBC}") = "ConsoleApplication1", "ConsoleApplication1\ConsoleApplication1.csproj", "{2930A8D7-4212-4997-8BAB-37656A9C6452}"
EndProject
Project("{FAE04EC0-301F-11D3-BF4B-00C04F79EFBC}") = "CA2", "..\CA2\CA2\CA2.csproj", "{E089D11B-A020-427B-8463-D8BDF5708ABA}"
EndProject
Global
	GlobalSection(SolutionConfigurationPlatforms) = preSolution
		Debug|Any CPU = Debug|Any CPU
		Release|Any CPU = Release|Any CPU
	EndGlobalSection
	GlobalSection(ProjectConfigurationPlatforms) = postSolution
		{2930A8D7-4212-4997-8BAB-37656A9C6452}.Debug|Any CPU.ActiveCfg = Debug|Any CPU
		{2930A8D7-4212-4997-8BAB-37656A9C6452}.Debug|Any CPU.Build.0 = Debug|Any CPU
		{2930A8D7-4212-4997-8BAB-37656A9C6452}.Release|Any CPU.ActiveCfg = Release|Any CPU
		{2930A8D7-4212-4997-8BAB-37656A9C6452}.Release|Any CPU.Build.0 = Release|Any CPU
		{E089D11B-A020-427B-8463-D8BDF5708ABA}.Debug|Any CPU.ActiveCfg = Debug|Any CPU
		{E089D11B-A020-427B-8463-D8BDF5708ABA}.Debug|Any CPU.Build.0 = Debug|Any CPU
		{E089D11B-A020-427B-8463-D8BDF5708ABA}.Release|Any CPU.ActiveCfg = Release|Any CPU
		{E089D11B-A020-427B-8463-D8BDF5708ABA}.Release|Any CPU.Build.0 = Release|Any CPU
	EndGlobalSection
	GlobalSection(SolutionProperties) = preSolution
		HideSolutionNode = FALSE
	EndGlobalSection
EndGlobal
